{
    "_readme": [
        "This file locks the dependencies of your project to a known state",
        "Read more about it at https://getcomposer.org/doc/01-basic-usage.md#installing-dependencies",
        "This file is @generated automatically"
    ],
    "content-hash": "4bfc80a7e34bc3410c59939aa5bb2aa1",
    "packages": [
        {
            "name": "gueff/idolon",
            "version": "1.1.0",
            "source": {
                "type": "git",
                "url": "https://github.com/gueff/idolon.git",
                "reference": "196a5875af5350cbdc9d0b8d22ac924478e233ca"
            },
            "dist": {
                "type": "zip",
                "url": "https://api.github.com/repos/gueff/idolon/zipball/196a5875af5350cbdc9d0b8d22ac924478e233ca",
                "reference": "196a5875af5350cbdc9d0b8d22ac924478e233ca",
                "shasum": ""
            },
            "require": {
                "php": ">=7.0"
            },
            "type": "library",
            "autoload": {
                "psr-0": {
                    "Idolon": ""
                }
            },
            "notification-url": "https://packagist.org/downloads/",
            "license": [
                "GPL-3.0-or-later"
            ],
            "authors": [
                {
                    "name": "Guido K.B.W. Ueffing"
                }
            ],
            "description": "PHP Image Server",
            "homepage": "https://github.com/gueff/Idolon",
            "keywords": [
                "PHP7",
                "image",
                "php",
                "resize",
                "serve"
            ],
            "time": "2020-01-17T14:07:43+00:00"
        }
    ],
    "packages-dev": [],
    "aliases": [],
    "minimum-stability": "stable",
    "stability-flags": [],
    "prefer-stable": false,
    "prefer-lowest": false,
    "platform": [],
    "platform-dev": []
}
